
Microsoft Visual Studio Solution File, Format Version 12.00
# Visual Studio Version 16
VisualStudioVersion = 16.0.30406.217
MinimumVisualStudioVersion = 10.0.40219.1
Project("{FAE04EC0-301F-11D3-BF4B-00C04F79EFBC}") = "Perfect Binary", "Perfect Binary\Perfect Binary.csproj", "{5F21A285-6CB0-4574-ADD1-0937165C794E}"
EndProject
Global
	GlobalSection(SolutionConfigurationPlatforms) = preSolution
		Debug|Any CPU = Debug|Any CPU
		Release|Any CPU = Release|Any CPU
	EndGlobalSection
	GlobalSection(ProjectConfigurationPlatforms) = postSolution
		{5F21A285-6CB0-4574-ADD1-0937165C794E}.Debug|Any CPU.ActiveCfg = Debug|Any CPU
		{5F21A285-6CB0-4574-ADD1-0937165C794E}.Debug|Any CPU.Build.0 = Debug|Any CPU
		{5F21A285-6CB0-4574-ADD1-0937165C794E}.Release|Any CPU.ActiveCfg = Release|Any CPU
		{5F21A285-6CB0-4574-ADD1-0937165C794E}.Release|Any CPU.Build.0 = Release|Any CPU
	EndGlobalSection
	GlobalSection(SolutionProperties) = preSolution
		HideSolutionNode = FALSE
	EndGlobalSection
	GlobalSection(ExtensibilityGlobals) = postSolution
		SolutionGuid = {75FD4991-5C4B-4580-920E-013E3A766EA5}
	EndGlobalSection
EndGlobal
